
Microsoft Visual Studio Solution File, Format Version 12.00
# Visual Studio Version 17
VisualStudioVersion = 17.7.34018.315
MinimumVisualStudioVersion = 10.0.40219.1
Project("{FAE04EC0-301F-11D3-BF4B-00C04F79EFBC}") = "Aliante_Astratto", "Aliante_Astratto\Aliante_Astratto.csproj", "{08763B2E-6B26-4BFF-9927-67C443F6E144}"
EndProject
Global
	GlobalSection(SolutionConfigurationPlatforms) = preSolution
		Debug|Any CPU = Debug|Any CPU
		Release|Any CPU = Release|Any CPU
	EndGlobalSection
	GlobalSection(ProjectConfigurationPlatforms) = postSolution
		{08763B2E-6B26-4BFF-9927-67C443F6E144}.Debug|Any CPU.ActiveCfg = Debug|Any CPU
		{08763B2E-6B26-4BFF-9927-67C443F6E144}.Debug|Any CPU.Build.0 = Debug|Any CPU
		{08763B2E-6B26-4BFF-9927-67C443F6E144}.Release|Any CPU.ActiveCfg = Release|Any CPU
		{08763B2E-6B26-4BFF-9927-67C443F6E144}.Release|Any CPU.Build.0 = Release|Any CPU
	EndGlobalSection
	GlobalSection(SolutionProperties) = preSolution
		HideSolutionNode = FALSE
	EndGlobalSection
	GlobalSection(ExtensibilityGlobals) = postSolution
		SolutionGuid = {3F48869F-5A27-4946-8FC5-B54FAA9F16F8}
	EndGlobalSection
EndGlobal
